
Microsoft Visual Studio Solution File, Format Version 12.00
# Visual Studio Version 17
VisualStudioVersion = 17.6.33829.357
MinimumVisualStudioVersion = 10.0.40219.1
Project("{8BC9CEB8-8B4A-11D0-8D11-00A0C91BC942}") = "Practice.hw15", "Practice.hw15\Practice.hw15.vcxproj", "{8258C60B-6D50-4564-9A38-20065A008855}"
EndProject
Global
	GlobalSection(SolutionConfigurationPlatforms) = preSolution
		Debug|x64 = Debug|x64
		Debug|x86 = Debug|x86
		Release|x64 = Release|x64
		Release|x86 = Release|x86
	EndGlobalSection
	GlobalSection(ProjectConfigurationPlatforms) = postSolution
		{8258C60B-6D50-4564-9A38-20065A008855}.Debug|x64.ActiveCfg = Debug|x64
		{8258C60B-6D50-4564-9A38-20065A008855}.Debug|x64.Build.0 = Debug|x64
		{8258C60B-6D50-4564-9A38-20065A008855}.Debug|x86.ActiveCfg = Debug|Win32
		{8258C60B-6D50-4564-9A38-20065A008855}.Debug|x86.Build.0 = Debug|Win32
		{8258C60B-6D50-4564-9A38-20065A008855}.Release|x64.ActiveCfg = Release|x64
		{8258C60B-6D50-4564-9A38-20065A008855}.Release|x64.Build.0 = Release|x64
		{8258C60B-6D50-4564-9A38-20065A008855}.Release|x86.ActiveCfg = Release|Win32
		{8258C60B-6D50-4564-9A38-20065A008855}.Release|x86.Build.0 = Release|Win32
	EndGlobalSection
	GlobalSection(SolutionProperties) = preSolution
		HideSolutionNode = FALSE
	EndGlobalSection
	GlobalSection(ExtensibilityGlobals) = postSolution
		SolutionGuid = {16EBF945-FB9C-400A-B781-906C8478695C}
	EndGlobalSection
EndGlobal
